// !$*UTF8*$!
{
	archiveVersion = 1;
	classes = {
	};
	objectVersion = 48;
	objects = {

/* Begin PBXBuildFile section */
		D87BABFA205A37E1008F2E22 /* AppDelegate.swift in Sources */ = {isa = PBXBuildFile; fileRef = D87BABF9205A37E1008F2E22 /* AppDelegate.swift */; };
		D87BABFC205A37E1008F2E22 /* ViewController.swift in Sources */ = {isa = PBXBuildFile; fileRef = D87BABFB205A37E1008F2E22 /* ViewController.swift */; };
		D87BABFF205A37E1008F2E22 /* Main.storyboard in Resources */ = {isa = PBXBuildFile; fileRef = D87BABFD205A37E1008F2E22 /* Main.storyboard */; };
		D87BAC04205A37E1008F2E22 /* LaunchScreen.storyboard in Resources */ = {isa = PBXBuildFile; fileRef = D87BAC02205A37E1008F2E22 /* LaunchScreen.storyboard */; };
		D88927AE2063E52100E729F5 /* TrueLoveViewController.swift in Sources */ = {isa = PBXBuildFile; fileRef = D88927AD2063E52100E729F5 /* TrueLoveViewController.swift */; };
		D88927B12079BE9B00E729F5 /* Assets.xcassets in Resources */ = {isa = PBXBuildFile; fileRef = D88927B02079BE9B00E729F5 /* Assets.xcassets */; };
/* End PBXBuildFile section */

/* Begin PBXFileReference section */
		D87BABF6205A37E1008F2E22 /* CarolFirstApp.app */ = {isa = PBXFileReference; explicitFileType = wrapper.application; includeInIndex = 0; path = CarolFirstApp.app; sourceTree = BUILT_PRODUCTS_DIR; };
		D87BABF9205A37E1008F2E22 /* AppDelegate.swift */ = {isa = PBXFileReference; lastKnownFileType = sourcecode.swift; path = AppDelegate.swift; sourceTree = "<group>"; };
		D87BABFB205A37E1008F2E22 /* ViewController.swift */ = {isa = PBXFileReference; lastKnownFileType = sourcecode.swift; path = ViewController.swift; sourceTree = "<group>"; };
		D87BABFE205A37E1008F2E22 /* Base */ = {isa = PBXFileReference; lastKnownFileType = file.storyboard; name = Base; path = Base.lproj/Main.storyboard; sourceTree = "<group>"; };
		D87BAC00205A37E1008F2E22 /* Assets.xcassets */ = {isa = PBXFileReference; lastKnownFileType = folder.assetcatalog; path = Assets.xcassets; sourceTree = "<group>"; };
		D87BAC03205A37E1008F2E22 /* Base */ = {isa = PBXFileReference; lastKnownFileType = file.storyboard; name = Base; path = Base.lproj/LaunchScreen.storyboard; sourceTree = "<group>"; };
		D87BAC05205A37E1008F2E22 /* Info.plist */ = {isa = PBXFileReference; lastKnownFileType = text.plist.xml; path = Info.plist; sourceTree = "<group>"; };
		D88927AD2063E52100E729F5 /* TrueLoveViewController.swift */ = {isa = PBXFileReference; lastKnownFileType = sourcecode.swift; path = TrueLoveViewController.swift; sourceTree = "<group>"; };
		D88927B02079BE9B00E729F5 /* Assets.xcassets */ = {isa = PBXFileReference; lastKnownFileType = folder.assetcatalog; path = Assets.xcassets; sourceTree = "<group>"; };
/* End PBXFileReference section */

/* Begin PBXFrameworksBuildPhase section */
		D87BABF3205A37E0008F2E22 /* Frameworks */ = {
			isa = PBXFrameworksBuildPhase;
			buildActionMask = 2147483647;
			files = (
			);
			runOnlyForDeploymentPostprocessing = 0;
		};
/* End PBXFrameworksBuildPhase section */

/* Begin PBXGroup section */
		D87BABED205A37E0008F2E22 = {
			isa = PBXGroup;
			children = (
				D87BABF8205A37E1008F2E22 /* CarolFirstApp */,
				D87BABF7205A37E1008F2E22 /* Products */,
			);
			sourceTree = "<group>";
		};
		D87BABF7205A37E1008F2E22 /* Products */ = {
			isa = PBXGroup;
			children = (
				D87BABF6205A37E1008F2E22 /* CarolFirstApp.app */,
			);
			name = Products;
			sourceTree = "<group>";
		};
		D87BABF8205A37E1008F2E22 /* CarolFirstApp */ = {
			isa = PBXGroup;
			children = (
				D87BABF9205A37E1008F2E22 /* AppDelegate.swift */,
				D87BABFB205A37E1008F2E22 /* ViewController.swift */,
				D87BABFD205A37E1008F2E22 /* Main.storyboard */,
				D88927B02079BE9B00E729F5 /* Assets.xcassets */,
				D88927AD2063E52100E729F5 /* TrueLoveViewController.swift */,
				D87BAC00205A37E1008F2E22 /* Assets.xcassets */,
				D87BAC02205A37E1008F2E22 /* LaunchScreen.storyboard */,
				D87BAC05205A37E1008F2E22 /* Info.plist */,
			);
			path = CarolFirstApp;
			sourceTree = "<group>";
		};
/* End PBXGroup section */

/* Begin PBXNativeTarget section */
		D87BABF5205A37E0008F2E22 /* CarolFirstApp */ = {
			isa = PBXNativeTarget;
			buildConfigurationList = D87BAC08205A37E1008F2E22 /* Build configuration list for PBXNativeTarget "CarolFirstApp" */;
			buildPhases = (
				D87BABF2205A37E0008F2E22 /* Sources */,
				D87BABF3205A37E0008F2E22 /* Frameworks */,
				D87BABF4205A37E0008F2E22 /* Resources */,
			);
			buildRules = (
			);
			dependencies = (
			);
			name = CarolFirstApp;
			productName = CarolFirstApp;
			productReference = D87BABF6205A37E1008F2E22 /* CarolFirstApp.app */;
			productType = "com.apple.product-type.application";
		};
/* End PBXNativeTarget section */

/* Begin PBXProject section */
		D87BABEE205A37E0008F2E22 /* Project object */ = {
			isa = PBXProject;
			attributes = {
				LastSwiftUpdateCheck = 0920;
				LastUpgradeCheck = 0920;
				TargetAttributes = {
					D87BABF5205A37E0008F2E22 = {
						CreatedOnToolsVersion = 9.2;
						ProvisioningStyle = Automatic;
					};
				};
			};
			buildConfigurationList = D87BABF1205A37E0008F2E22 /* Build configuration list for PBXProject "CarolFirstApp" */;
			compatibilityVersion = "Xcode 8.0";
			developmentRegion = en;
			hasScannedForEncodings = 0;
			knownRegions = (
				en,
				Base,
			);
			mainGroup = D87BABED205A37E0008F2E22;
			productRefGroup = D87BABF7205A37E1008F2E22 /* Products */;
			projectDirPath = "";
			projectRoot = "";
			targets = (
				D87BABF5205A37E0008F2E22 /* CarolFirstApp */,
			);
		};
/* End PBXProject section */

/* Begin PBXResourcesBuildPhase section */
		D87BABF4205A37E0008F2E22 /* Resources */ = {
			isa = PBXResourcesBuildPhase;
			buildActionMask = 2147483647;
			files = (
				D87BAC04205A37E1008F2E22 /* LaunchScreen.storyboard in Resources */,
				D88927B12079BE9B00E729F5 /* Assets.xcassets in Resources */,
				D87BABFF205A37E1008F2E22 /* Main.storyboard in Resources */,
			);
			runOnlyForDeploymentPostprocessing = 0;
		};
/* End PBXResourcesBuildPhase section */

/* Begin PBXSourcesBuildPhase section */
		D87BABF2205A37E0008F2E22 /* Sources */ = {
			isa = PBXSourcesBuildPhase;
			buildActionMask = 2147483647;
			files = (
				D87BABFC205A37E1008F2E22 /* ViewController.swift in Sources */,
				D87BABFA205A37E1008F2E22 /* AppDelegate.swift in Sources */,
				D88927AE2063E52100E729F5 /* TrueLoveViewController.swift in Sources */,
			);
			runOnlyForDeploymentPostprocessing = 0;
		};
/* End PBXSourcesBuildPhase section */

/* Begin PBXVariantGroup section */
		D87BABFD205A37E1008F2E22 /* Main.storyboard */ = {
			isa = PBXVariantGroup;
			children = (
				D87BABFE205A37E1008F2E22 /* Base */,
			);
			name = Main.storyboard;
			sourceTree = "<group>";
		};
		D87BAC02205A37E1008F2E22 /* LaunchScreen.storyboard */ = {
			isa = PBXVariantGroup;
			children = (
				D87BAC03205A37E1008F2E22 /* Base */,
			);
			name = LaunchScreen.storyboard;
			sourceTree = "<group>";
		};
/* End PBXVariantGroup section */

/* Begin XCBuildConfiguration section */
		D87BAC06205A37E1008F2E22 /* Debug */ = {
			isa = XCBuildConfiguration;
			buildSettings = {
				ALWAYS_SEARCH_USER_PATHS = NO;
				CLANG_ANALYZER_NONNULL = YES;
				CLANG_ANALYZER_NUMBER_OBJECT_CONVERSION = YES_AGGRESSIVE;
				CLANG_CXX_LANGUAGE_STANDARD = "gnu++14";
				CLANG_CXX_LIBRARY = "libc++";
				CLANG_ENABLE_MODULES = YES;
				CLANG_ENABLE_OBJC_ARC = YES;
				CLANG_WARN_BLOCK_CAPTURE_AUTORELEASING = YES;
				CLANG_WARN_BOOL_CONVERSION = YES;
				CLANG_WARN_COMMA = YES;
				CLANG_WARN_CONSTANT_CONVERSION = YES;
				CLANG_WARN_DIRECT_OBJC_ISA_USAGE = YES_ERROR;
				CLANG_WARN_DOCUMENTATION_COMMENTS = YES;
				CLANG_WARN_EMPTY_BODY = YES;
				CLANG_WARN_ENUM_CONVERSION = YES;
				CLANG_WARN_INFINITE_RECURSION = YES;
				CLANG_WARN_INT_CONVERSION = YES;
				CLANG_WARN_NON_LITERAL_NULL_CONVERSION = YES;
				CLANG_WARN_OBJC_LITERAL_CONVERSION = YES;
				CLANG_WARN_OBJC_ROOT_CLASS = YES_ERROR;
				CLANG_WARN_RANGE_LOOP_ANALYSIS = YES;
				CLANG_WARN_STRICT_PROTOTYPES = YES;
				CLANG_WARN_SUSPICIOUS_MOVE = YES;
				CLANG_WARN_UNGUARDED_AVAILABILITY = YES_AGGRESSIVE;
				CLANG_WARN_UNREACHABLE_CODE = YES;
				CLANG_WARN__DUPLICATE_METHOD_MATCH = YES;
				CODE_SIGN_IDENTITY = "iPhone Developer";
				COPY_PHASE_STRIP = NO;
				DEBUG_INFORMATION_FORMAT = dwarf;
				ENABLE_STRICT_OBJC_MSGSEND = YES;
				ENABLE_TESTABILITY = YES;
				GCC_C_LANGUAGE_STANDARD = gnu11;
				GCC_DYNAMIC_NO_PIC = NO;
				GCC_NO_COMMON_BLOCKS = YES;
				GCC_OPTIMIZATION_LEVEL = 0;
				GCC_PREPROCESSOR_DEFINITIONS = (
					"DEBUG=1",
					"$(inherited)",
				);
				GCC_WARN_64_TO_32_BIT_CONVERSION = YES;
				GCC_WARN_ABOUT_RETURN_TYPE = YES_ERROR;
				GCC_WARN_UNDECLARED_SELECTOR = YES;
				GCC_WARN_UNINITIALIZED_AUTOS = YES_AGGRESSIVE;
				GCC_WARN_UNUSED_FUNCTION = YES;
				GCC_WARN_UNUSED_VARIABLE = YES;
				IPHONEOS_DEPLOYMENT_TARGET = 11.2;
				MTL_ENABLE_DEBUG_INFO = YES;
				ONLY_ACTIVE_ARCH = YES;
				SDKROOT = iphoneos;
				SWIFT_ACTIVE_COMPILATION_CONDITIONS = DEBUG;
				SWIFT_OPTIMIZATION_LEVEL = "-Onone";
			};
			name = Debug;
		};
		D87BAC07205A37E1008F2E22 /* Release */ = {
			isa = XCBuildConfiguration;
			buildSettings = {
				ALWAYS_SEARCH_USER_PATHS = NO;
				CLANG_ANALYZER_NONNULL = YES;
				CLANG_ANALYZER_NUMBER_OBJECT_CONVERSION = YES_AGGRESSIVE;
				CLANG_CXX_LANGUAGE_STANDARD = "gnu++14";
				CLANG_CXX_LIBRARY = "libc++";
				CLANG_ENABLE_MODULES = YES;
				CLANG_ENABLE_OBJC_ARC = YES;
				CLANG_WARN_BLOCK_CAPTURE_AUTORELEASING = YES;
				CLANG_WARN_BOOL_CONVERSION = YES;
				CLANG_WARN_COMMA = YES;
				CLANG_WARN_CONSTANT_CONVERSION = YES;
				CLANG_WARN_DIRECT_OBJC_ISA_USAGE = YES_ERROR;
				CLANG_WARN_DOCUMENTATION_COMMENTS = YES;
				CLANG_WARN_EMPTY_BODY = YES;
				CLANG_WARN_ENUM_CONVERSION = YES;
				CLANG_WARN_INFINITE_RECURSION = YES;
				CLANG_WARN_INT_CONVERSION = YES;
				CLANG_WARN_NON_LITERAL_NULL_CONVERSION = YES;
				CLANG_WARN_OBJC_LITERAL_CONVERSION = YES;
				CLANG_WARN_OBJC_ROOT_CLASS = YES_ERROR;
				CLANG_WARN_RANGE_LOOP_ANALYSIS = YES;
				CLANG_WARN_STRICT_PROTOTYPES = YES;
				CLANG_WARN_SUSPICIOUS_MOVE = YES;
				CLANG_WARN_UNGUARDED_AVAILABILITY = YES_AGGRESSIVE;
				CLANG_WARN_UNREACHABLE_CODE = YES;
				CLANG_WARN__DUPLICATE_METHOD_MATCH = YES;
				CODE_SIGN_IDENTITY = "iPhone Developer";
				COPY_PHASE_STRIP = NO;
				DEBUG_INFORMATION_FORMAT = "dwarf-with-dsym";
				ENABLE_NS_ASSERTIONS = NO;
				ENABLE_STRICT_OBJC_MSGSEND = YES;
				GCC_C_LANGUAGE_STANDARD = gnu11;
				GCC_NO_COMMON_BLOCKS = YES;
				GCC_WARN_64_TO_32_BIT_CONVERSION = YES;
				GCC_WARN_ABOUT_RETURN_TYPE = YES_ERROR;
				GCC_WARN_UNDECLARED_SELECTOR = YES;
				GCC_WARN_UNINITIALIZED_AUTOS = YES_AGGRESSIVE;
				GCC_WARN_UNUSED_FUNCTION = YES;
				GCC_WARN_UNUSED_VARIABLE = YES;
				IPHONEOS_DEPLOYMENT_TARGET = 11.2;
				MTL_ENABLE_DEBUG_INFO = NO;
				SDKROOT = iphoneos;
				SWIFT_OPTIMIZATION_LEVEL = "-Owholemodule";
				VALIDATE_PRODUCT = YES;
			};
			name = Release;
		};
		D87BAC09205A37E1008F2E22 /* Debug */ = {
			isa = XCBuildConfiguration;
			buildSettings = {
				ASSETCATALOG_COMPILER_APPICON_NAME = AppIcon;
				ASSETCATALOG_COMPILER_LAUNCHIMAGE_NAME = LaunchImage;
				"CODE_SIGN_IDENTITY[sdk=iphoneos*]" = "iPhone Developer";
				CODE_SIGN_STYLE = Automatic;
				DEVELOPMENT_TEAM = 76324T366X;
				INFOPLIST_FILE = CarolFirstApp/Info.plist;
				IPHONEOS_DEPLOYMENT_TARGET = 11.0;
				LD_RUNPATH_SEARCH_PATHS = "$(inherited) @executable_path/Frameworks";
				PRODUCT_BUNDLE_IDENTIFIER = carole.w.CarolFirstApp;
				PRODUCT_NAME = "$(TARGET_NAME)";
				PROVISIONING_PROFILE_SPECIFIER = "";
				SWIFT_VERSION = 4.0;
				TARGETED_DEVICE_FAMILY = "1,2";
			};
			name = Debug;
		};
		D87BAC0A205A37E1008F2E22 /* Release */ = {
			isa = XCBuildConfiguration;
			buildSettings = {
				ASSETCATALOG_COMPILER_APPICON_NAME = AppIcon;
				ASSETCATALOG_COMPILER_LAUNCHIMAGE_NAME = LaunchImage;
				"CODE_SIGN_IDENTITY[sdk=iphoneos*]" = "iPhone Developer";
				CODE_SIGN_STYLE = Automatic;
				DEVELOPMENT_TEAM = 76324T366X;
				INFOPLIST_FILE = CarolFirstApp/Info.plist;
				IPHONEOS_DEPLOYMENT_TARGET = 11.0;
				LD_RUNPATH_SEARCH_PATHS = "$(inherited) @executable_path/Frameworks";
				PRODUCT_BUNDLE_IDENTIFIER = carole.w.CarolFirstApp;
				PRODUCT_NAME = "$(TARGET_NAME)";
				PROVISIONING_PROFILE_SPECIFIER = "";
				SWIFT_VERSION = 4.0;
				TARGETED_DEVICE_FAMILY = "1,2";
			};
			name = Release;
		};
/* End XCBuildConfiguration section */

/* Begin XCConfigurationList section */
		D87BABF1205A37E0008F2E22 /* Build configuration list for PBXProject "CarolFirstApp" */ = {
			isa = XCConfigurationList;
			buildConfigurations = (
				D87BAC06205A37E1008F2E22 /* Debug */,
				D87BAC07205A37E1008F2E22 /* Release */,
			);
			defaultConfigurationIsVisible = 0;
			defaultConfigurationName = Release;
		};
		D87BAC08205A37E1008F2E22 /* Build configuration list for PBXNativeTarget "CarolFirstApp" */ = {
			isa = XCConfigurationList;
			buildConfigurations = (
				D87BAC09205A37E1008F2E22 /* Debug */,
				D87BAC0A205A37E1008F2E22 /* Release */,
			);
			defaultConfigurationIsVisible = 0;
			defaultConfigurationName = Release;
		};
/* End XCConfigurationList section */
	};
	rootObject = D87BABEE205A37E0008F2E22 /* Project object */;
}
